
Microsoft Visual Studio Solution File, Format Version 12.00
# Visual Studio Version 17
VisualStudioVersion = 17.0.32014.148
MinimumVisualStudioVersion = 10.0.40219.1
Project("{9A19103F-16F7-4668-BE54-9A1E7A4F7556}") = "MockWebApi", "MockWebApi\MockWebApi.csproj", "{B8BA7668-9D5A-4787-9330-364648411801}"
EndProject
Project("{9A19103F-16F7-4668-BE54-9A1E7A4F7556}") = "MockWebApi.Client", "MockWebApi.Client\MockWebApi.Client.csproj", "{ECA0D3DC-84C0-4D41-B14E-FC2BED3A66C5}"
EndProject
Project("{9A19103F-16F7-4668-BE54-9A1E7A4F7556}") = "MockWebApi.Configuration", "MockWebApi.Configuration\MockWebApi.Configuration.csproj", "{0291A536-0A03-4610-94D5-E9C141E8BA77}"
EndProject
Project("{9A19103F-16F7-4668-BE54-9A1E7A4F7556}") = "MockWebApi.Test", "MockWebApi.Test\MockWebApi.Test.csproj", "{7BCA7B0E-2316-4706-B75E-A8CCFA61D6C8}"
EndProject
Project("{9A19103F-16F7-4668-BE54-9A1E7A4F7556}") = "MockWebApi.UnitTests", "MockWebApi.UnitTests\MockWebApi.UnitTests.csproj", "{CD441F6B-8663-4EE5-931B-B2626EC9E237}"
EndProject
Project("{FAE04EC0-301F-11D3-BF4B-00C04F79EFBC}") = "MockWebApi.FunctionalTests", "MockWebApi.FunctionalTests\MockWebApi.FunctionalTests.csproj", "{3AA32FBA-EA23-40C2-BF68-922D6DF93094}"
EndProject
Global
	GlobalSection(SolutionConfigurationPlatforms) = preSolution
		Debug|Any CPU = Debug|Any CPU
		Debug|x64 = Debug|x64
		Debug|x86 = Debug|x86
		Release|Any CPU = Release|Any CPU
		Release|x64 = Release|x64
		Release|x86 = Release|x86
	EndGlobalSection
	GlobalSection(ProjectConfigurationPlatforms) = postSolution
		{B8BA7668-9D5A-4787-9330-364648411801}.Debug|Any CPU.ActiveCfg = Debug|Any CPU
		{B8BA7668-9D5A-4787-9330-364648411801}.Debug|Any CPU.Build.0 = Debug|Any CPU
		{B8BA7668-9D5A-4787-9330-364648411801}.Debug|x64.ActiveCfg = Debug|Any CPU
		{B8BA7668-9D5A-4787-9330-364648411801}.Debug|x64.Build.0 = Debug|Any CPU
		{B8BA7668-9D5A-4787-9330-364648411801}.Debug|x86.ActiveCfg = Debug|Any CPU
		{B8BA7668-9D5A-4787-9330-364648411801}.Debug|x86.Build.0 = Debug|Any CPU
		{B8BA7668-9D5A-4787-9330-364648411801}.Release|Any CPU.ActiveCfg = Release|Any CPU
		{B8BA7668-9D5A-4787-9330-364648411801}.Release|Any CPU.Build.0 = Release|Any CPU
		{B8BA7668-9D5A-4787-9330-364648411801}.Release|x64.ActiveCfg = Release|Any CPU
		{B8BA7668-9D5A-4787-9330-364648411801}.Release|x64.Build.0 = Release|Any CPU
		{B8BA7668-9D5A-4787-9330-364648411801}.Release|x86.ActiveCfg = Release|Any CPU
		{B8BA7668-9D5A-4787-9330-364648411801}.Release|x86.Build.0 = Release|Any CPU
		{ECA0D3DC-84C0-4D41-B14E-FC2BED3A66C5}.Debug|Any CPU.ActiveCfg = Debug|Any CPU
		{ECA0D3DC-84C0-4D41-B14E-FC2BED3A66C5}.Debug|Any CPU.Build.0 = Debug|Any CPU
		{ECA0D3DC-84C0-4D41-B14E-FC2BED3A66C5}.Debug|x64.ActiveCfg = Debug|Any CPU
		{ECA0D3DC-84C0-4D41-B14E-FC2BED3A66C5}.Debug|x64.Build.0 = Debug|Any CPU
		{ECA0D3DC-84C0-4D41-B14E-FC2BED3A66C5}.Debug|x86.ActiveCfg = Debug|Any CPU
		{ECA0D3DC-84C0-4D41-B14E-FC2BED3A66C5}.Debug|x86.Build.0 = Debug|Any CPU
		{ECA0D3DC-84C0-4D41-B14E-FC2BED3A66C5}.Release|Any CPU.ActiveCfg = Release|Any CPU
		{ECA0D3DC-84C0-4D41-B14E-FC2BED3A66C5}.Release|Any CPU.Build.0 = Release|Any CPU
		{ECA0D3DC-84C0-4D41-B14E-FC2BED3A66C5}.Release|x64.ActiveCfg = Release|Any CPU
		{ECA0D3DC-84C0-4D41-B14E-FC2BED3A66C5}.Release|x64.Build.0 = Release|Any CPU
		{ECA0D3DC-84C0-4D41-B14E-FC2BED3A66C5}.Release|x86.ActiveCfg = Release|Any CPU
		{ECA0D3DC-84C0-4D41-B14E-FC2BED3A66C5}.Release|x86.Build.0 = Release|Any CPU
		{0291A536-0A03-4610-94D5-E9C141E8BA77}.Debug|Any CPU.ActiveCfg = Debug|Any CPU
		{0291A536-0A03-4610-94D5-E9C141E8BA77}.Debug|Any CPU.Build.0 = Debug|Any CPU
		{0291A536-0A03-4610-94D5-E9C141E8BA77}.Debug|x64.ActiveCfg = Debug|Any CPU
		{0291A536-0A03-4610-94D5-E9C141E8BA77}.Debug|x64.Build.0 = Debug|Any CPU
		{0291A536-0A03-4610-94D5-E9C141E8BA77}.Debug|x86.ActiveCfg = Debug|Any CPU
		{0291A536-0A03-4610-94D5-E9C141E8BA77}.Debug|x86.Build.0 = Debug|Any CPU
		{0291A536-0A03-4610-94D5-E9C141E8BA77}.Release|Any CPU.ActiveCfg = Release|Any CPU
		{0291A536-0A03-4610-94D5-E9C141E8BA77}.Release|Any CPU.Build.0 = Release|Any CPU
		{0291A536-0A03-4610-94D5-E9C141E8BA77}.Release|x64.ActiveCfg = Release|Any CPU
		{0291A536-0A03-4610-94D5-E9C141E8BA77}.Release|x64.Build.0 = Release|Any CPU
		{0291A536-0A03-4610-94D5-E9C141E8BA77}.Release|x86.ActiveCfg = Release|Any CPU
		{0291A536-0A03-4610-94D5-E9C141E8BA77}.Release|x86.Build.0 = Release|Any CPU
		{7BCA7B0E-2316-4706-B75E-A8CCFA61D6C8}.Debug|Any CPU.ActiveCfg = Debug|Any CPU
		{7BCA7B0E-2316-4706-B75E-A8CCFA61D6C8}.Debug|Any CPU.Build.0 = Debug|Any CPU
		{7BCA7B0E-2316-4706-B75E-A8CCFA61D6C8}.Debug|x64.ActiveCfg = Debug|Any CPU
		{7BCA7B0E-2316-4706-B75E-A8CCFA61D6C8}.Debug|x64.Build.0 = Debug|Any CPU
		{7BCA7B0E-2316-4706-B75E-A8CCFA61D6C8}.Debug|x86.ActiveCfg = Debug|Any CPU
		{7BCA7B0E-2316-4706-B75E-A8CCFA61D6C8}.Debug|x86.Build.0 = Debug|Any CPU
		{7BCA7B0E-2316-4706-B75E-A8CCFA61D6C8}.Release|Any CPU.ActiveCfg = Release|Any CPU
		{7BCA7B0E-2316-4706-B75E-A8CCFA61D6C8}.Release|Any CPU.Build.0 = Release|Any CPU
		{7BCA7B0E-2316-4706-B75E-A8CCFA61D6C8}.Release|x64.ActiveCfg = Release|Any CPU
		{7BCA7B0E-2316-4706-B75E-A8CCFA61D6C8}.Release|x64.Build.0 = Release|Any CPU
		{7BCA7B0E-2316-4706-B75E-A8CCFA61D6C8}.Release|x86.ActiveCfg = Release|Any CPU
		{7BCA7B0E-2316-4706-B75E-A8CCFA61D6C8}.Release|x86.Build.0 = Release|Any CPU
		{CD441F6B-8663-4EE5-931B-B2626EC9E237}.Debug|Any CPU.ActiveCfg = Debug|Any CPU
		{CD441F6B-8663-4EE5-931B-B2626EC9E237}.Debug|Any CPU.Build.0 = Debug|Any CPU
		{CD441F6B-8663-4EE5-931B-B2626EC9E237}.Debug|x64.ActiveCfg = Debug|Any CPU
		{CD441F6B-8663-4EE5-931B-B2626EC9E237}.Debug|x64.Build.0 = Debug|Any CPU
		{CD441F6B-8663-4EE5-931B-B2626EC9E237}.Debug|x86.ActiveCfg = Debug|Any CPU
		{CD441F6B-8663-4EE5-931B-B2626EC9E237}.Debug|x86.Build.0 = Debug|Any CPU
		{CD441F6B-8663-4EE5-931B-B2626EC9E237}.Release|Any CPU.ActiveCfg = Release|Any CPU
		{CD441F6B-8663-4EE5-931B-B2626EC9E237}.Release|Any CPU.Build.0 = Release|Any CPU
		{CD441F6B-8663-4EE5-931B-B2626EC9E237}.Release|x64.ActiveCfg = Release|Any CPU
		{CD441F6B-8663-4EE5-931B-B2626EC9E237}.Release|x64.Build.0 = Release|Any CPU
		{CD441F6B-8663-4EE5-931B-B2626EC9E237}.Release|x86.ActiveCfg = Release|Any CPU
		{CD441F6B-8663-4EE5-931B-B2626EC9E237}.Release|x86.Build.0 = Release|Any CPU
		{3AA32FBA-EA23-40C2-BF68-922D6DF93094}.Debug|Any CPU.ActiveCfg = Debug|Any CPU
		{3AA32FBA-EA23-40C2-BF68-922D6DF93094}.Debug|Any CPU.Build.0 = Debug|Any CPU
		{3AA32FBA-EA23-40C2-BF68-922D6DF93094}.Debug|x64.ActiveCfg = Debug|Any CPU
		{3AA32FBA-EA23-40C2-BF68-922D6DF93094}.Debug|x64.Build.0 = Debug|Any CPU
		{3AA32FBA-EA23-40C2-BF68-922D6DF93094}.Debug|x86.ActiveCfg = Debug|Any CPU
		{3AA32FBA-EA23-40C2-BF68-922D6DF93094}.Debug|x86.Build.0 = Debug|Any CPU
		{3AA32FBA-EA23-40C2-BF68-922D6DF93094}.Release|Any CPU.ActiveCfg = Release|Any CPU
		{3AA32FBA-EA23-40C2-BF68-922D6DF93094}.Release|Any CPU.Build.0 = Release|Any CPU
		{3AA32FBA-EA23-40C2-BF68-922D6DF93094}.Release|x64.ActiveCfg = Release|Any CPU
		{3AA32FBA-EA23-40C2-BF68-922D6DF93094}.Release|x64.Build.0 = Release|Any CPU
		{3AA32FBA-EA23-40C2-BF68-922D6DF93094}.Release|x86.ActiveCfg = Release|Any CPU
		{3AA32FBA-EA23-40C2-BF68-922D6DF93094}.Release|x86.Build.0 = Release|Any CPU
	EndGlobalSection
	GlobalSection(SolutionProperties) = preSolution
		HideSolutionNode = FALSE
	EndGlobalSection
	GlobalSection(ExtensibilityGlobals) = postSolution
		SolutionGuid = {17F73F70-1BD2-41E8-B4D7-198BDF2EDD48}
	EndGlobalSection
EndGlobal
